// !$*UTF8*$!
{
	archiveVersion = 1;
	classes = {
	};
	objectVersion = 46;
	objects = {

/* Begin PBXBuildFile section */
		7DBA704A199E7AB5003527C8 /* Foundation.framework in Frameworks */ = {isa = PBXBuildFile; fileRef = 7DBA7049199E7AB5003527C8 /* Foundation.framework */; };
		7DBA704C199E7AB5003527C8 /* CoreGraphics.framework in Frameworks */ = {isa = PBXBuildFile; fileRef = 7DBA704B199E7AB5003527C8 /* CoreGraphics.framework */; };
		7DBA704E199E7AB5003527C8 /* UIKit.framework in Frameworks */ = {isa = PBXBuildFile; fileRef = 7DBA704D199E7AB5003527C8 /* UIKit.framework */; };
		7DBA7054199E7AB5003527C8 /* InfoPlist.strings in Resources */ = {isa = PBXBuildFile; fileRef = 7DBA7052199E7AB5003527C8 /* InfoPlist.strings */; };
		7DBA7056199E7AB5003527C8 /* main.m in Sources */ = {isa = PBXBuildFile; fileRef = 7DBA7055199E7AB5003527C8 /* main.m */; };
		7DBA705A199E7AB5003527C8 /* AppDelegate.m in Sources */ = {isa = PBXBuildFile; fileRef = 7DBA7059199E7AB5003527C8 /* AppDelegate.m */; };
		7DBA705D199E7AB5003527C8 /* Main_iPhone.storyboard in Resources */ = {isa = PBXBuildFile; fileRef = 7DBA705B199E7AB5003527C8 /* Main_iPhone.storyboard */; };
		7DBA7060199E7AB5003527C8 /* Main_iPad.storyboard in Resources */ = {isa = PBXBuildFile; fileRef = 7DBA705E199E7AB5003527C8 /* Main_iPad.storyboard */; };
		7DBA7063199E7AB5003527C8 /* MasterViewController.m in Sources */ = {isa = PBXBuildFile; fileRef = 7DBA7062199E7AB5003527C8 /* MasterViewController.m */; };
		7DBA7066199E7AB5003527C8 /* DetailViewController.m in Sources */ = {isa = PBXBuildFile; fileRef = 7DBA7065199E7AB5003527C8 /* DetailViewController.m */; };
		7DBA7068199E7AB5003527C8 /* Images.xcassets in Resources */ = {isa = PBXBuildFile; fileRef = 7DBA7067199E7AB5003527C8 /* Images.xcassets */; };
		7DBA706F199E7AB5003527C8 /* XCTest.framework in Frameworks */ = {isa = PBXBuildFile; fileRef = 7DBA706E199E7AB5003527C8 /* XCTest.framework */; };
		7DBA7070199E7AB5003527C8 /* Foundation.framework in Frameworks */ = {isa = PBXBuildFile; fileRef = 7DBA7049199E7AB5003527C8 /* Foundation.framework */; };
		7DBA7071199E7AB5003527C8 /* UIKit.framework in Frameworks */ = {isa = PBXBuildFile; fileRef = 7DBA704D199E7AB5003527C8 /* UIKit.framework */; };
		7DBA7079199E7AB5003527C8 /* InfoPlist.strings in Resources */ = {isa = PBXBuildFile; fileRef = 7DBA7077199E7AB5003527C8 /* InfoPlist.strings */; };
		7DBA707B199E7AB5003527C8 /* NoyagrupTests.m in Sources */ = {isa = PBXBuildFile; fileRef = 7DBA707A199E7AB5003527C8 /* NoyagrupTests.m */; };
/* End PBXBuildFile section */

/* Begin PBXContainerItemProxy section */
		7DBA7072199E7AB5003527C8 /* PBXContainerItemProxy */ = {
			isa = PBXContainerItemProxy;
			containerPortal = 7DBA703E199E7AB5003527C8 /* Project object */;
			proxyType = 1;
			remoteGlobalIDString = 7DBA7045199E7AB5003527C8;
			remoteInfo = Noyagrup;
		};
/* End PBXContainerItemProxy section */

/* Begin PBXFileReference section */
		7DBA7046199E7AB5003527C8 /* Noyagrup.app */ = {isa = PBXFileReference; explicitFileType = wrapper.application; includeInIndex = 0; path = Noyagrup.app; sourceTree = BUILT_PRODUCTS_DIR; };
		7DBA7049199E7AB5003527C8 /* Foundation.framework */ = {isa = PBXFileReference; lastKnownFileType = wrapper.framework; name = Foundation.framework; path = System/Library/Frameworks/Foundation.framework; sourceTree = SDKROOT; };
		7DBA704B199E7AB5003527C8 /* CoreGraphics.framework */ = {isa = PBXFileReference; lastKnownFileType = wrapper.framework; name = CoreGraphics.framework; path = System/Library/Frameworks/CoreGraphics.framework; sourceTree = SDKROOT; };
		7DBA704D199E7AB5003527C8 /* UIKit.framework */ = {isa = PBXFileReference; lastKnownFileType = wrapper.framework; name = UIKit.framework; path = System/Library/Frameworks/UIKit.framework; sourceTree = SDKROOT; };
		7DBA7051199E7AB5003527C8 /* Noyagrup-Info.plist */ = {isa = PBXFileReference; lastKnownFileType = text.plist.xml; path = "Noyagrup-Info.plist"; sourceTree = "<group>"; };
		7DBA7053199E7AB5003527C8 /* en */ = {isa = PBXFileReference; lastKnownFileType = text.plist.strings; name = en; path = en.lproj/InfoPlist.strings; sourceTree = "<group>"; };
		7DBA7055199E7AB5003527C8 /* main.m */ = {isa = PBXFileReference; lastKnownFileType = sourcecode.c.objc; path = main.m; sourceTree = "<group>"; };
		7DBA7057199E7AB5003527C8 /* Noyagrup-Prefix.pch */ = {isa = PBXFileReference; lastKnownFileType = sourcecode.c.h; path = "Noyagrup-Prefix.pch"; sourceTree = "<group>"; };
		7DBA7058199E7AB5003527C8 /* AppDelegate.h */ = {isa = PBXFileReference; lastKnownFileType = sourcecode.c.h; path = AppDelegate.h; sourceTree = "<group>"; };
		7DBA7059199E7AB5003527C8 /* AppDelegate.m */ = {isa = PBXFileReference; lastKnownFileType = sourcecode.c.objc; path = AppDelegate.m; sourceTree = "<group>"; };
		7DBA705C199E7AB5003527C8 /* Base */ = {isa = PBXFileReference; lastKnownFileType = file.storyboard; name = Base; path = Base.lproj/Main_iPhone.storyboard; sourceTree = "<group>"; };
		7DBA705F199E7AB5003527C8 /* Base */ = {isa = PBXFileReference; lastKnownFileType = file.storyboard; name = Base; path = Base.lproj/Main_iPad.storyboard; sourceTree = "<group>"; };
		7DBA7061199E7AB5003527C8 /* MasterViewController.h */ = {isa = PBXFileReference; lastKnownFileType = sourcecode.c.h; path = MasterViewController.h; sourceTree = "<group>"; };
		7DBA7062199E7AB5003527C8 /* MasterViewController.m */ = {isa = PBXFileReference; lastKnownFileType = sourcecode.c.objc; path = MasterViewController.m; sourceTree = "<group>"; };
		7DBA7064199E7AB5003527C8 /* DetailViewController.h */ = {isa = PBXFileReference; lastKnownFileType = sourcecode.c.h; path = DetailViewController.h; sourceTree = "<group>"; };
		7DBA7065199E7AB5003527C8 /* DetailViewController.m */ = {isa = PBXFileReference; lastKnownFileType = sourcecode.c.objc; path = DetailViewController.m; sourceTree = "<group>"; };
		7DBA7067199E7AB5003527C8 /* Images.xcassets */ = {isa = PBXFileReference; lastKnownFileType = folder.assetcatalog; path = Images.xcassets; sourceTree = "<group>"; };
		7DBA706D199E7AB5003527C8 /* NoyagrupTests.xctest */ = {isa = PBXFileReference; explicitFileType = wrapper.cfbundle; includeInIndex = 0; path = NoyagrupTests.xctest; sourceTree = BUILT_PRODUCTS_DIR; };
		7DBA706E199E7AB5003527C8 /* XCTest.framework */ = {isa = PBXFileReference; lastKnownFileType = wrapper.framework; name = XCTest.framework; path = Library/Frameworks/XCTest.framework; sourceTree = DEVELOPER_DIR; };
		7DBA7076199E7AB5003527C8 /* NoyagrupTests-Info.plist */ = {isa = PBXFileReference; lastKnownFileType = text.plist.xml; path = "NoyagrupTests-Info.plist"; sourceTree = "<group>"; };
		7DBA7078199E7AB5003527C8 /* en */ = {isa = PBXFileReference; lastKnownFileType = text.plist.strings; name = en; path = en.lproj/InfoPlist.strings; sourceTree = "<group>"; };
		7DBA707A199E7AB5003527C8 /* NoyagrupTests.m */ = {isa = PBXFileReference; lastKnownFileType = sourcecode.c.objc; path = NoyagrupTests.m; sourceTree = "<group>"; };
/* End PBXFileReference section */

/* Begin PBXFrameworksBuildPhase section */
		7DBA7043199E7AB5003527C8 /* Frameworks */ = {
			isa = PBXFrameworksBuildPhase;
			buildActionMask = 2147483647;
			files = (
				7DBA704C199E7AB5003527C8 /* CoreGraphics.framework in Frameworks */,
				7DBA704E199E7AB5003527C8 /* UIKit.framework in Frameworks */,
				7DBA704A199E7AB5003527C8 /* Foundation.framework in Frameworks */,
			);
			runOnlyForDeploymentPostprocessing = 0;
		};
		7DBA706A199E7AB5003527C8 /* Frameworks */ = {
			isa = PBXFrameworksBuildPhase;
			buildActionMask = 2147483647;
			files = (
				7DBA706F199E7AB5003527C8 /* XCTest.framework in Frameworks */,
				7DBA7071199E7AB5003527C8 /* UIKit.framework in Frameworks */,
				7DBA7070199E7AB5003527C8 /* Foundation.framework in Frameworks */,
			);
			runOnlyForDeploymentPostprocessing = 0;
		};
/* End PBXFrameworksBuildPhase section */

/* Begin PBXGroup section */
		7DBA703D199E7AB5003527C8 = {
			isa = PBXGroup;
			children = (
				7DBA704F199E7AB5003527C8 /* Noyagrup */,
				7DBA7074199E7AB5003527C8 /* NoyagrupTests */,
				7DBA7048199E7AB5003527C8 /* Frameworks */,
				7DBA7047199E7AB5003527C8 /* Products */,
			);
			sourceTree = "<group>";
		};
		7DBA7047199E7AB5003527C8 /* Products */ = {
			isa = PBXGroup;
			children = (
				7DBA7046199E7AB5003527C8 /* Noyagrup.app */,
				7DBA706D199E7AB5003527C8 /* NoyagrupTests.xctest */,
			);
			name = Products;
			sourceTree = "<group>";
		};
		7DBA7048199E7AB5003527C8 /* Frameworks */ = {
			isa = PBXGroup;
			children = (
				7DBA7049199E7AB5003527C8 /* Foundation.framework */,
				7DBA704B199E7AB5003527C8 /* CoreGraphics.framework */,
				7DBA704D199E7AB5003527C8 /* UIKit.framework */,
				7DBA706E199E7AB5003527C8 /* XCTest.framework */,
			);
			name = Frameworks;
			sourceTree = "<group>";
		};
		7DBA704F199E7AB5003527C8 /* Noyagrup */ = {
			isa = PBXGroup;
			children = (
				7DBA7058199E7AB5003527C8 /* AppDelegate.h */,
				7DBA7059199E7AB5003527C8 /* AppDelegate.m */,
				7DBA705B199E7AB5003527C8 /* Main_iPhone.storyboard */,
				7DBA705E199E7AB5003527C8 /* Main_iPad.storyboard */,
				7DBA7061199E7AB5003527C8 /* MasterViewController.h */,
				7DBA7062199E7AB5003527C8 /* MasterViewController.m */,
				7DBA7064199E7AB5003527C8 /* DetailViewController.h */,
				7DBA7065199E7AB5003527C8 /* DetailViewController.m */,
				7DBA7067199E7AB5003527C8 /* Images.xcassets */,
				7DBA7050199E7AB5003527C8 /* Supporting Files */,
			);
			path = Noyagrup;
			sourceTree = "<group>";
		};
		7DBA7050199E7AB5003527C8 /* Supporting Files */ = {
			isa = PBXGroup;
			children = (
				7DBA7051199E7AB5003527C8 /* Noyagrup-Info.plist */,
				7DBA7052199E7AB5003527C8 /* InfoPlist.strings */,
				7DBA7055199E7AB5003527C8 /* main.m */,
				7DBA7057199E7AB5003527C8 /* Noyagrup-Prefix.pch */,
			);
			name = "Supporting Files";
			sourceTree = "<group>";
		};
		7DBA7074199E7AB5003527C8 /* NoyagrupTests */ = {
			isa = PBXGroup;
			children = (
				7DBA707A199E7AB5003527C8 /* NoyagrupTests.m */,
				7DBA7075199E7AB5003527C8 /* Supporting Files */,
			);
			path = NoyagrupTests;
			sourceTree = "<group>";
		};
		7DBA7075199E7AB5003527C8 /* Supporting Files */ = {
			isa = PBXGroup;
			children = (
				7DBA7076199E7AB5003527C8 /* NoyagrupTests-Info.plist */,
				7DBA7077199E7AB5003527C8 /* InfoPlist.strings */,
			);
			name = "Supporting Files";
			sourceTree = "<group>";
		};
/* End PBXGroup section */

/* Begin PBXNativeTarget section */
		7DBA7045199E7AB5003527C8 /* Noyagrup */ = {
			isa = PBXNativeTarget;
			buildConfigurationList = 7DBA707E199E7AB5003527C8 /* Build configuration list for PBXNativeTarget "Noyagrup" */;
			buildPhases = (
				7DBA7042199E7AB5003527C8 /* Sources */,
				7DBA7043199E7AB5003527C8 /* Frameworks */,
				7DBA7044199E7AB5003527C8 /* Resources */,
			);
			buildRules = (
			);
			dependencies = (
			);
			name = Noyagrup;
			productName = Noyagrup;
			productReference = 7DBA7046199E7AB5003527C8 /* Noyagrup.app */;
			productType = "com.apple.product-type.application";
		};
		7DBA706C199E7AB5003527C8 /* NoyagrupTests */ = {
			isa = PBXNativeTarget;
			buildConfigurationList = 7DBA7081199E7AB5003527C8 /* Build configuration list for PBXNativeTarget "NoyagrupTests" */;
			buildPhases = (
				7DBA7069199E7AB5003527C8 /* Sources */,
				7DBA706A199E7AB5003527C8 /* Frameworks */,
				7DBA706B199E7AB5003527C8 /* Resources */,
			);
			buildRules = (
			);
			dependencies = (
				7DBA7073199E7AB5003527C8 /* PBXTargetDependency */,
			);
			name = NoyagrupTests;
			productName = NoyagrupTests;
			productReference = 7DBA706D199E7AB5003527C8 /* NoyagrupTests.xctest */;
			productType = "com.apple.product-type.bundle.unit-test";
		};
/* End PBXNativeTarget section */

/* Begin PBXProject section */
		7DBA703E199E7AB5003527C8 /* Project object */ = {
			isa = PBXProject;
			attributes = {
				LastUpgradeCheck = 0510;
				ORGANIZATIONNAME = Noyagrup;
				TargetAttributes = {
					7DBA706C199E7AB5003527C8 = {
						TestTargetID = 7DBA7045199E7AB5003527C8;
					};
				};
			};
			buildConfigurationList = 7DBA7041199E7AB5003527C8 /* Build configuration list for PBXProject "Noyagrup" */;
			compatibilityVersion = "Xcode 3.2";
			developmentRegion = English;
			hasScannedForEncodings = 0;
			knownRegions = (
				en,
				Base,
			);
			mainGroup = 7DBA703D199E7AB5003527C8;
			productRefGroup = 7DBA7047199E7AB5003527C8 /* Products */;
			projectDirPath = "";
			projectRoot = "";
			targets = (
				7DBA7045199E7AB5003527C8 /* Noyagrup */,
				7DBA706C199E7AB5003527C8 /* NoyagrupTests */,
			);
		};
/* End PBXProject section */

/* Begin PBXResourcesBuildPhase section */
		7DBA7044199E7AB5003527C8 /* Resources */ = {
			isa = PBXResourcesBuildPhase;
			buildActionMask = 2147483647;
			files = (
				7DBA7060199E7AB5003527C8 /* Main_iPad.storyboard in Resources */,
				7DBA7068199E7AB5003527C8 /* Images.xcassets in Resources */,
				7DBA705D199E7AB5003527C8 /* Main_iPhone.storyboard in Resources */,
				7DBA7054199E7AB5003527C8 /* InfoPlist.strings in Resources */,
			);
			runOnlyForDeploymentPostprocessing = 0;
		};
		7DBA706B199E7AB5003527C8 /* Resources */ = {
			isa = PBXResourcesBuildPhase;
			buildActionMask = 2147483647;
			files = (
				7DBA7079199E7AB5003527C8 /* InfoPlist.strings in Resources */,
			);
			runOnlyForDeploymentPostprocessing = 0;
		};
/* End PBXResourcesBuildPhase section */

/* Begin PBXSourcesBuildPhase section */
		7DBA7042199E7AB5003527C8 /* Sources */ = {
			isa = PBXSourcesBuildPhase;
			buildActionMask = 2147483647;
			files = (
				7DBA705A199E7AB5003527C8 /* AppDelegate.m in Sources */,
				7DBA7063199E7AB5003527C8 /* MasterViewController.m in Sources */,
				7DBA7056199E7AB5003527C8 /* main.m in Sources */,
				7DBA7066199E7AB5003527C8 /* DetailViewController.m in Sources */,
			);
			runOnlyForDeploymentPostprocessing = 0;
		};
		7DBA7069199E7AB5003527C8 /* Sources */ = {
			isa = PBXSourcesBuildPhase;
			buildActionMask = 2147483647;
			files = (
				7DBA707B199E7AB5003527C8 /* NoyagrupTests.m in Sources */,
			);
			runOnlyForDeploymentPostprocessing = 0;
		};
/* End PBXSourcesBuildPhase section */

/* Begin PBXTargetDependency section */
		7DBA7073199E7AB5003527C8 /* PBXTargetDependency */ = {
			isa = PBXTargetDependency;
			target = 7DBA7045199E7AB5003527C8 /* Noyagrup */;
			targetProxy = 7DBA7072199E7AB5003527C8 /* PBXContainerItemProxy */;
		};
/* End PBXTargetDependency section */

/* Begin PBXVariantGroup section */
		7DBA7052199E7AB5003527C8 /* InfoPlist.strings */ = {
			isa = PBXVariantGroup;
			children = (
				7DBA7053199E7AB5003527C8 /* en */,
			);
			name = InfoPlist.strings;
			sourceTree = "<group>";
		};
		7DBA705B199E7AB5003527C8 /* Main_iPhone.storyboard */ = {
			isa = PBXVariantGroup;
			children = (
				7DBA705C199E7AB5003527C8 /* Base */,
			);
			name = Main_iPhone.storyboard;
			sourceTree = "<group>";
		};
		7DBA705E199E7AB5003527C8 /* Main_iPad.storyboard */ = {
			isa = PBXVariantGroup;
			children = (
				7DBA705F199E7AB5003527C8 /* Base */,
			);
			name = Main_iPad.storyboard;
			sourceTree = "<group>";
		};
		7DBA7077199E7AB5003527C8 /* InfoPlist.strings */ = {
			isa = PBXVariantGroup;
			children = (
				7DBA7078199E7AB5003527C8 /* en */,
			);
			name = InfoPlist.strings;
			sourceTree = "<group>";
		};
/* End PBXVariantGroup section */

/* Begin XCBuildConfiguration section */
		7DBA707C199E7AB5003527C8 /* Debug */ = {
			isa = XCBuildConfiguration;
			buildSettings = {
				ALWAYS_SEARCH_USER_PATHS = NO;
				CLANG_CXX_LANGUAGE_STANDARD = "gnu++0x";
				CLANG_CXX_LIBRARY = "libc++";
				CLANG_ENABLE_MODULES = YES;
				CLANG_ENABLE_OBJC_ARC = YES;
				CLANG_WARN_BOOL_CONVERSION = YES;
				CLANG_WARN_CONSTANT_CONVERSION = YES;
				CLANG_WARN_DIRECT_OBJC_ISA_USAGE = YES_ERROR;
				CLANG_WARN_EMPTY_BODY = YES;
				CLANG_WARN_ENUM_CONVERSION = YES;
				CLANG_WARN_INT_CONVERSION = YES;
				CLANG_WARN_OBJC_ROOT_CLASS = YES_ERROR;
				CLANG_WARN__DUPLICATE_METHOD_MATCH = YES;
				"CODE_SIGN_IDENTITY[sdk=iphoneos*]" = "iPhone Developer";
				COPY_PHASE_STRIP = NO;
				GCC_C_LANGUAGE_STANDARD = gnu99;
				GCC_DYNAMIC_NO_PIC = NO;
				GCC_OPTIMIZATION_LEVEL = 0;
				GCC_PREPROCESSOR_DEFINITIONS = (
					"DEBUG=1",
					"$(inherited)",
				);
				GCC_SYMBOLS_PRIVATE_EXTERN = NO;
				GCC_WARN_64_TO_32_BIT_CONVERSION = YES;
				GCC_WARN_ABOUT_RETURN_TYPE = YES_ERROR;
				GCC_WARN_UNDECLARED_SELECTOR = YES;
				GCC_WARN_UNINITIALIZED_AUTOS = YES_AGGRESSIVE;
				GCC_WARN_UNUSED_FUNCTION = YES;
				GCC_WARN_UNUSED_VARIABLE = YES;
				IPHONEOS_DEPLOYMENT_TARGET = 7.1;
				ONLY_ACTIVE_ARCH = YES;
				SDKROOT = iphoneos;
				TARGETED_DEVICE_FAMILY = "1,2";
			};
			name = Debug;
		};
		7DBA707D199E7AB5003527C8 /* Release */ = {
			isa = XCBuildConfiguration;
			buildSettings = {
				ALWAYS_SEARCH_USER_PATHS = NO;
				CLANG_CXX_LANGUAGE_STANDARD = "gnu++0x";
				CLANG_CXX_LIBRARY = "libc++";
				CLANG_ENABLE_MODULES = YES;
				CLANG_ENABLE_OBJC_ARC = YES;
				CLANG_WARN_BOOL_CONVERSION = YES;
				CLANG_WARN_CONSTANT_CONVERSION = YES;
				CLANG_WARN_DIRECT_OBJC_ISA_USAGE = YES_ERROR;
				CLANG_WARN_EMPTY_BODY = YES;
				CLANG_WARN_ENUM_CONVERSION = YES;
				CLANG_WARN_INT_CONVERSION = YES;
				CLANG_WARN_OBJC_ROOT_CLASS = YES_ERROR;
				CLANG_WARN__DUPLICATE_METHOD_MATCH = YES;
				"CODE_SIGN_IDENTITY[sdk=iphoneos*]" = "iPhone Developer";
				COPY_PHASE_STRIP = YES;
				ENABLE_NS_ASSERTIONS = NO;
				GCC_C_LANGUAGE_STANDARD = gnu99;
				GCC_WARN_64_TO_32_BIT_CONVERSION = YES;
				GCC_WARN_ABOUT_RETURN_TYPE = YES_ERROR;
				GCC_WARN_UNDECLARED_SELECTOR = YES;
				GCC_WARN_UNINITIALIZED_AUTOS = YES_AGGRESSIVE;
				GCC_WARN_UNUSED_FUNCTION = YES;
				GCC_WARN_UNUSED_VARIABLE = YES;
				IPHONEOS_DEPLOYMENT_TARGET = 7.1;
				SDKROOT = iphoneos;
				TARGETED_DEVICE_FAMILY = "1,2";
				VALIDATE_PRODUCT = YES;
			};
			name = Release;
		};
		7DBA707F199E7AB5003527C8 /* Debug */ = {
			isa = XCBuildConfiguration;
			buildSettings = {
				ASSETCATALOG_COMPILER_APPICON_NAME = AppIcon;
				ASSETCATALOG_COMPILER_LAUNCHIMAGE_NAME = LaunchImage;
				GCC_PRECOMPILE_PREFIX_HEADER = YES;
				GCC_PREFIX_HEADER = "Noyagrup/Noyagrup-Prefix.pch";
				INFOPLIST_FILE = "Noyagrup/Noyagrup-Info.plist";
				PRODUCT_NAME = "$(TARGET_NAME)";
				WRAPPER_EXTENSION = app;
			};
			name = Debug;
		};
		7DBA7080199E7AB5003527C8 /* Release */ = {
			isa = XCBuildConfiguration;
			buildSettings = {
				ASSETCATALOG_COMPILER_APPICON_NAME = AppIcon;
				ASSETCATALOG_COMPILER_LAUNCHIMAGE_NAME = LaunchImage;
				GCC_PRECOMPILE_PREFIX_HEADER = YES;
				GCC_PREFIX_HEADER = "Noyagrup/Noyagrup-Prefix.pch";
				INFOPLIST_FILE = "Noyagrup/Noyagrup-Info.plist";
				PRODUCT_NAME = "$(TARGET_NAME)";
				WRAPPER_EXTENSION = app;
			};
			name = Release;
		};
		7DBA7082199E7AB5003527C8 /* Debug */ = {
			isa = XCBuildConfiguration;
			buildSettings = {
				BUNDLE_LOADER = "$(BUILT_PRODUCTS_DIR)/Noyagrup.app/Noyagrup";
				FRAMEWORK_SEARCH_PATHS = (
					"$(SDKROOT)/Developer/Library/Frameworks",
					"$(inherited)",
					"$(DEVELOPER_FRAMEWORKS_DIR)",
				);
				GCC_PRECOMPILE_PREFIX_HEADER = YES;
				GCC_PREFIX_HEADER = "Noyagrup/Noyagrup-Prefix.pch";
				GCC_PREPROCESSOR_DEFINITIONS = (
					"DEBUG=1",
					"$(inherited)",
				);
				INFOPLIST_FILE = "NoyagrupTests/NoyagrupTests-Info.plist";
				PRODUCT_NAME = "$(TARGET_NAME)";
				TEST_HOST = "$(BUNDLE_LOADER)";
				WRAPPER_EXTENSION = xctest;
			};
			name = Debug;
		};
		7DBA7083199E7AB5003527C8 /* Release */ = {
			isa = XCBuildConfiguration;
			buildSettings = {
				BUNDLE_LOADER = "$(BUILT_PRODUCTS_DIR)/Noyagrup.app/Noyagrup";
				FRAMEWORK_SEARCH_PATHS = (
					"$(SDKROOT)/Developer/Library/Frameworks",
					"$(inherited)",
					"$(DEVELOPER_FRAMEWORKS_DIR)",
				);
				GCC_PRECOMPILE_PREFIX_HEADER = YES;
				GCC_PREFIX_HEADER = "Noyagrup/Noyagrup-Prefix.pch";
				INFOPLIST_FILE = "NoyagrupTests/NoyagrupTests-Info.plist";
				PRODUCT_NAME = "$(TARGET_NAME)";
				TEST_HOST = "$(BUNDLE_LOADER)";
				WRAPPER_EXTENSION = xctest;
			};
			name = Release;
		};
/* End XCBuildConfiguration section */

/* Begin XCConfigurationList section */
		7DBA7041199E7AB5003527C8 /* Build configuration list for PBXProject "Noyagrup" */ = {
			isa = XCConfigurationList;
			buildConfigurations = (
				7DBA707C199E7AB5003527C8 /* Debug */,
				7DBA707D199E7AB5003527C8 /* Release */,
			);
			defaultConfigurationIsVisible = 0;
			defaultConfigurationName = Release;
		};
		7DBA707E199E7AB5003527C8 /* Build configuration list for PBXNativeTarget "Noyagrup" */ = {
			isa = XCConfigurationList;
			buildConfigurations = (
				7DBA707F199E7AB5003527C8 /* Debug */,
				7DBA7080199E7AB5003527C8 /* Release */,
			);
			defaultConfigurationIsVisible = 0;
		};
		7DBA7081199E7AB5003527C8 /* Build configuration list for PBXNativeTarget "NoyagrupTests" */ = {
			isa = XCConfigurationList;
			buildConfigurations = (
				7DBA7082199E7AB5003527C8 /* Debug */,
				7DBA7083199E7AB5003527C8 /* Release */,
			);
			defaultConfigurationIsVisible = 0;
		};
/* End XCConfigurationList section */
	};
	rootObject = 7DBA703E199E7AB5003527C8 /* Project object */;
}
